# generated by rye
# use `rye lock` or `rye sync` to update this lockfile
#
# last locked with the following flags:
#   pre: false
#   features: []
#   all-features: false
#   with-sources: false
#   generate-hashes: false

-e file:.
aiohappyeyeballs==2.4.4
    # via aiohttp
aiohttp==3.11.11
    # via money
aiosignal==1.3.2
    # via aiohttp
annotated-types==0.7.0
    # via pydantic
argcomplete==3.5.3
    # via datamodel-code-generator
asttokens==3.0.0
    # via stack-data
asyncpg==0.30.0
    # via money
attrs==24.3.0
    # via aiohttp
black==24.10.0
    # via datamodel-code-generator
click==8.1.8
    # via black
    # via typer
datamodel-code-generator==0.26.5
    # via money
decorator==5.1.1
    # via ipython
dnspython==2.7.0
    # via email-validator
email-validator==2.2.0
    # via pydantic
executing==2.2.0
    # via stack-data
frozenlist==1.5.0
    # via aiohttp
    # via aiosignal
genson==1.3.0
    # via datamodel-code-generator
idna==3.10
    # via email-validator
    # via yarl
inflect==5.6.2
    # via datamodel-code-generator
iniconfig==2.0.0
    # via pytest
ipython==8.31.0
isort==5.13.2
    # via datamodel-code-generator
jedi==0.19.2
    # via ipython
jinja2==3.1.5
    # via datamodel-code-generator
linkify-it-py==2.0.3
    # via markdown-it-py
markdown-it-py==3.0.0
    # via mdit-py-plugins
    # via rich
    # via textual
markupsafe==3.0.2
    # via jinja2
matplotlib-inline==0.1.7
    # via ipython
mdit-py-plugins==0.4.2
    # via markdown-it-py
mdurl==0.1.2
    # via markdown-it-py
multidict==6.1.0
    # via aiohttp
    # via yarl
mypy-extensions==1.0.0
    # via black
packaging==24.2
    # via black
    # via datamodel-code-generator
    # via pytest
parso==0.8.4
    # via jedi
pathspec==0.12.1
    # via black
pexpect==4.9.0
    # via ipython
platformdirs==4.3.6
    # via black
    # via textual
pluggy==1.5.0
    # via pytest
prompt-toolkit==3.0.50
    # via ipython
propcache==0.2.1
    # via aiohttp
    # via yarl
ptyprocess==0.7.0
    # via pexpect
pure-eval==0.2.3
    # via stack-data
pydantic==2.10.5
    # via datamodel-code-generator
    # via money
pydantic-core==2.27.2
    # via pydantic
pygments==2.19.1
    # via ipython
    # via rich
pytest==8.3.4
    # via pytest-asyncio
pytest-asyncio==0.25.3
    # via money
python-dotenv==1.0.1
    # via money
pyyaml==6.0.2
    # via datamodel-code-generator
rich==13.9.4
    # via textual
    # via typer
shellingham==1.5.4
    # via typer
sqlalchemy==2.0.37
    # via money
stack-data==0.6.3
    # via ipython
textual==1.0.0
    # via money
traitlets==5.14.3
    # via ipython
    # via matplotlib-inline
typer==0.15.1
    # via money
typing-extensions==4.12.2
    # via pydantic
    # via pydantic-core
    # via sqlalchemy
    # via textual
    # via typer
uc-micro-py==1.0.3
    # via linkify-it-py
wcwidth==0.2.13
    # via prompt-toolkit
yarl==1.18.3
    # via aiohttp
